
Microsoft Visual Studio Solution File, Format Version 12.00
# Visual Studio Version 16
VisualStudioVersion = 16.0.31702.278
MinimumVisualStudioVersion = 10.0.40219.1
Project("{FAE04EC0-301F-11D3-BF4B-00C04F79EFBC}") = "TP4", "TP4\TP4.csproj", "{DB12886F-49E4-4D97-9AC8-2ED662E8B839}"
EndProject
Project("{FAE04EC0-301F-11D3-BF4B-00C04F79EFBC}") = "DAO", "DAO\DAO.csproj", "{4D5FBD1F-579E-49B4-A3B4-2C26B705C19A}"
EndProject
Project("{FAE04EC0-301F-11D3-BF4B-00C04F79EFBC}") = "Metier1", "Metier1\Metier1.csproj", "{5CE83693-15C2-4ADA-AAEC-B10597604E34}"
EndProject
Global
	GlobalSection(SolutionConfigurationPlatforms) = preSolution
		Debug|Any CPU = Debug|Any CPU
		Release|Any CPU = Release|Any CPU
	EndGlobalSection
	GlobalSection(ProjectConfigurationPlatforms) = postSolution
		{DB12886F-49E4-4D97-9AC8-2ED662E8B839}.Debug|Any CPU.ActiveCfg = Debug|Any CPU
		{DB12886F-49E4-4D97-9AC8-2ED662E8B839}.Debug|Any CPU.Build.0 = Debug|Any CPU
		{DB12886F-49E4-4D97-9AC8-2ED662E8B839}.Release|Any CPU.ActiveCfg = Release|Any CPU
		{DB12886F-49E4-4D97-9AC8-2ED662E8B839}.Release|Any CPU.Build.0 = Release|Any CPU
		{4D5FBD1F-579E-49B4-A3B4-2C26B705C19A}.Debug|Any CPU.ActiveCfg = Debug|Any CPU
		{4D5FBD1F-579E-49B4-A3B4-2C26B705C19A}.Debug|Any CPU.Build.0 = Debug|Any CPU
		{4D5FBD1F-579E-49B4-A3B4-2C26B705C19A}.Release|Any CPU.ActiveCfg = Release|Any CPU
		{4D5FBD1F-579E-49B4-A3B4-2C26B705C19A}.Release|Any CPU.Build.0 = Release|Any CPU
		{5CE83693-15C2-4ADA-AAEC-B10597604E34}.Debug|Any CPU.ActiveCfg = Debug|Any CPU
		{5CE83693-15C2-4ADA-AAEC-B10597604E34}.Debug|Any CPU.Build.0 = Debug|Any CPU
		{5CE83693-15C2-4ADA-AAEC-B10597604E34}.Release|Any CPU.ActiveCfg = Release|Any CPU
		{5CE83693-15C2-4ADA-AAEC-B10597604E34}.Release|Any CPU.Build.0 = Release|Any CPU
	EndGlobalSection
	GlobalSection(SolutionProperties) = preSolution
		HideSolutionNode = FALSE
	EndGlobalSection
	GlobalSection(ExtensibilityGlobals) = postSolution
		SolutionGuid = {B1421932-5E83-433D-A186-6E1FE8C1DEE2}
	EndGlobalSection
EndGlobal
